<?xml version="1.0" encoding="utf-8"?>
<Project ToolsVersion="4.0" xmlns="http://schemas.microsoft.com/developer/msbuild/2003">
  <ItemGroup>
    <Filter Include="Source">
      <UniqueIdentifier>{4FC737F1-C7A5-4376-A066-2A32D752A2FF}</UniqueIdentifier>
      <Extensions>cpp;c;cc;cxx;c++;cppm;ixx;def;odl;idl;hpj;bat;asm;asmx</Extensions>
    </Filter>
  </ItemGroup>
  <ItemGroup>
    <ClInclude Include="framework.h">
      <Filter>Source</Filter>
    </ClInclude>
  </ItemGroup>
  <ItemGroup>
    <ClCompile Include="MalaEngine.cpp">
      <Filter>Source</Filter>
    </ClCompile>
    <ClCompile Include="Engine.ixx">
      <Filter>Source</Filter>
    </ClCompile>
    <ClCompile Include="Engine.cpp">
      <Filter>Source</Filter>
    </ClCompile>
    <ClCompile Include="EngineGlobal.ixx">
      <Filter>Source</Filter>
    </ClCompile>
    <ClCompile Include="EnginePch.ixx">
      <Filter>Source</Filter>
    </ClCompile>
    <ClCompile Include="EngineTypes.ixx">
      <Filter>Source</Filter>
    </ClCompile>
    <ClCompile Include="Graphics.ixx">
      <Filter>Source</Filter>
    </ClCompile>
    <ClCompile Include="Graphics.cpp">
      <Filter>Source</Filter>
    </ClCompile>
    <ClCompile Include="GameObject.ixx">
      <Filter>Source</Filter>
    </ClCompile>
    <ClCompile Include="Input.ixx">
      <Filter>Source</Filter>
    </ClCompile>
    <ClCompile Include="Component.ixx">
      <Filter>Source</Filter>
    </ClCompile>
    <ClCompile Include="Entity.ixx">
      <Filter>Source</Filter>
    </ClCompile>
    <ClCompile Include="Transform.ixx">
      <Filter>Source</Filter>
    </ClCompile>
    <ClCompile Include="Transform.cpp">
      <Filter>Source</Filter>
    </ClCompile>
    <ClCompile Include="Time.ixx">
      <Filter>Source</Filter>
    </ClCompile>
    <ClCompile Include="Time.cpp">
      <Filter>Source</Filter>
    </ClCompile>
    <ClCompile Include="SceneManager.ixx">
      <Filter>Source</Filter>
    </ClCompile>
    <ClCompile Include="SceneManager.cpp">
      <Filter>Source</Filter>
    </ClCompile>
    <ClCompile Include="Scene.cpp">
      <Filter>Source</Filter>
    </ClCompile>
    <ClCompile Include="Scene.ixx">
      <Filter>Source</Filter>
    </ClCompile>
    <ClCompile Include="Math.ixx">
      <Filter>Source</Filter>
    </ClCompile>
    <ClCompile Include="DontDestoryOnLoad.ixx">
      <Filter>Source</Filter>
    </ClCompile>
    <ClCompile Include="DontDestoryOnLoad.cpp">
      <Filter>Source</Filter>
    </ClCompile>
    <ClCompile Include="GameObject.cpp">
      <Filter>Source</Filter>
    </ClCompile>
    <ClCompile Include="Component.cpp">
      <Filter>Source</Filter>
    </ClCompile>
  </ItemGroup>
</Project>